
Microsoft Visual Studio Solution File, Format Version 12.00
# Visual Studio Version 17
VisualStudioVersion = 17.0.31903.59
MinimumVisualStudioVersion = 10.0.40219.1
Project("{FAE04EC0-301F-11D3-BF4B-00C04F79EFBC}") = "GameAdmin.Api", "GameAdmin.Api\GameAdmin.Api.csproj", "{D8CBD064-2635-4806-9C8E-4724A3BEE106}"
EndProject
Project("{FAE04EC0-301F-11D3-BF4B-00C04F79EFBC}") = "GameAdmin.Application", "GameAdmin.Application\GameAdmin.Application.csproj", "{05F2CC2D-21E1-4C7F-BF9F-F2653544216A}"
EndProject
Project("{FAE04EC0-301F-11D3-BF4B-00C04F79EFBC}") = "GameAdmin.Domain", "GameAdmin.Domain\GameAdmin.Domain.csproj", "{E061EC60-2113-47D7-B7F4-83E9811132AC}"
EndProject
Project("{FAE04EC0-301F-11D3-BF4B-00C04F79EFBC}") = "GameAdmin.Infrastructure", "GameAdmin.Infrastructure\GameAdmin.Infrastructure.csproj", "{9A91FDEB-C4EF-4FF2-AD0E-140F88489754}"
EndProject
Global
	GlobalSection(SolutionConfigurationPlatforms) = preSolution
		Debug|Any CPU = Debug|Any CPU
		Debug|x64 = Debug|x64
		Debug|x86 = Debug|x86
		Release|Any CPU = Release|Any CPU
		Release|x64 = Release|x64
		Release|x86 = Release|x86
	EndGlobalSection
	GlobalSection(ProjectConfigurationPlatforms) = postSolution
		{D8CBD064-2635-4806-9C8E-4724A3BEE106}.Debug|Any CPU.ActiveCfg = Debug|Any CPU
		{D8CBD064-2635-4806-9C8E-4724A3BEE106}.Debug|Any CPU.Build.0 = Debug|Any CPU
		{D8CBD064-2635-4806-9C8E-4724A3BEE106}.Debug|x64.ActiveCfg = Debug|Any CPU
		{D8CBD064-2635-4806-9C8E-4724A3BEE106}.Debug|x64.Build.0 = Debug|Any CPU
		{D8CBD064-2635-4806-9C8E-4724A3BEE106}.Debug|x86.ActiveCfg = Debug|Any CPU
		{D8CBD064-2635-4806-9C8E-4724A3BEE106}.Debug|x86.Build.0 = Debug|Any CPU
		{D8CBD064-2635-4806-9C8E-4724A3BEE106}.Release|Any CPU.ActiveCfg = Release|Any CPU
		{D8CBD064-2635-4806-9C8E-4724A3BEE106}.Release|Any CPU.Build.0 = Release|Any CPU
		{D8CBD064-2635-4806-9C8E-4724A3BEE106}.Release|x64.ActiveCfg = Release|Any CPU
		{D8CBD064-2635-4806-9C8E-4724A3BEE106}.Release|x64.Build.0 = Release|Any CPU
		{D8CBD064-2635-4806-9C8E-4724A3BEE106}.Release|x86.ActiveCfg = Release|Any CPU
		{D8CBD064-2635-4806-9C8E-4724A3BEE106}.Release|x86.Build.0 = Release|Any CPU
		{05F2CC2D-21E1-4C7F-BF9F-F2653544216A}.Debug|Any CPU.ActiveCfg = Debug|Any CPU
		{05F2CC2D-21E1-4C7F-BF9F-F2653544216A}.Debug|Any CPU.Build.0 = Debug|Any CPU
		{05F2CC2D-21E1-4C7F-BF9F-F2653544216A}.Debug|x64.ActiveCfg = Debug|Any CPU
		{05F2CC2D-21E1-4C7F-BF9F-F2653544216A}.Debug|x64.Build.0 = Debug|Any CPU
		{05F2CC2D-21E1-4C7F-BF9F-F2653544216A}.Debug|x86.ActiveCfg = Debug|Any CPU
		{05F2CC2D-21E1-4C7F-BF9F-F2653544216A}.Debug|x86.Build.0 = Debug|Any CPU
		{05F2CC2D-21E1-4C7F-BF9F-F2653544216A}.Release|Any CPU.ActiveCfg = Release|Any CPU
		{05F2CC2D-21E1-4C7F-BF9F-F2653544216A}.Release|Any CPU.Build.0 = Release|Any CPU
		{05F2CC2D-21E1-4C7F-BF9F-F2653544216A}.Release|x64.ActiveCfg = Release|Any CPU
		{05F2CC2D-21E1-4C7F-BF9F-F2653544216A}.Release|x64.Build.0 = Release|Any CPU
		{05F2CC2D-21E1-4C7F-BF9F-F2653544216A}.Release|x86.ActiveCfg = Release|Any CPU
		{05F2CC2D-21E1-4C7F-BF9F-F2653544216A}.Release|x86.Build.0 = Release|Any CPU
		{E061EC60-2113-47D7-B7F4-83E9811132AC}.Debug|Any CPU.ActiveCfg = Debug|Any CPU
		{E061EC60-2113-47D7-B7F4-83E9811132AC}.Debug|Any CPU.Build.0 = Debug|Any CPU
		{E061EC60-2113-47D7-B7F4-83E9811132AC}.Debug|x64.ActiveCfg = Debug|Any CPU
		{E061EC60-2113-47D7-B7F4-83E9811132AC}.Debug|x64.Build.0 = Debug|Any CPU
		{E061EC60-2113-47D7-B7F4-83E9811132AC}.Debug|x86.ActiveCfg = Debug|Any CPU
		{E061EC60-2113-47D7-B7F4-83E9811132AC}.Debug|x86.Build.0 = Debug|Any CPU
		{E061EC60-2113-47D7-B7F4-83E9811132AC}.Release|Any CPU.ActiveCfg = Release|Any CPU
		{E061EC60-2113-47D7-B7F4-83E9811132AC}.Release|Any CPU.Build.0 = Release|Any CPU
		{E061EC60-2113-47D7-B7F4-83E9811132AC}.Release|x64.ActiveCfg = Release|Any CPU
		{E061EC60-2113-47D7-B7F4-83E9811132AC}.Release|x64.Build.0 = Release|Any CPU
		{E061EC60-2113-47D7-B7F4-83E9811132AC}.Release|x86.ActiveCfg = Release|Any CPU
		{E061EC60-2113-47D7-B7F4-83E9811132AC}.Release|x86.Build.0 = Release|Any CPU
		{9A91FDEB-C4EF-4FF2-AD0E-140F88489754}.Debug|Any CPU.ActiveCfg = Debug|Any CPU
		{9A91FDEB-C4EF-4FF2-AD0E-140F88489754}.Debug|Any CPU.Build.0 = Debug|Any CPU
		{9A91FDEB-C4EF-4FF2-AD0E-140F88489754}.Debug|x64.ActiveCfg = Debug|Any CPU
		{9A91FDEB-C4EF-4FF2-AD0E-140F88489754}.Debug|x64.Build.0 = Debug|Any CPU
		{9A91FDEB-C4EF-4FF2-AD0E-140F88489754}.Debug|x86.ActiveCfg = Debug|Any CPU
		{9A91FDEB-C4EF-4FF2-AD0E-140F88489754}.Debug|x86.Build.0 = Debug|Any CPU
		{9A91FDEB-C4EF-4FF2-AD0E-140F88489754}.Release|Any CPU.ActiveCfg = Release|Any CPU
		{9A91FDEB-C4EF-4FF2-AD0E-140F88489754}.Release|Any CPU.Build.0 = Release|Any CPU
		{9A91FDEB-C4EF-4FF2-AD0E-140F88489754}.Release|x64.ActiveCfg = Release|Any CPU
		{9A91FDEB-C4EF-4FF2-AD0E-140F88489754}.Release|x64.Build.0 = Release|Any CPU
		{9A91FDEB-C4EF-4FF2-AD0E-140F88489754}.Release|x86.ActiveCfg = Release|Any CPU
		{9A91FDEB-C4EF-4FF2-AD0E-140F88489754}.Release|x86.Build.0 = Release|Any CPU
	EndGlobalSection
	GlobalSection(SolutionProperties) = preSolution
		HideSolutionNode = FALSE
	EndGlobalSection
EndGlobal
